
Microsoft Visual Studio Solution File, Format Version 12.00
# Visual Studio Version 16
VisualStudioVersion = 16.0.31729.503
MinimumVisualStudioVersion = 10.0.40219.1
Project("{FAE04EC0-301F-11D3-BF4B-00C04F79EFBC}") = "ToDo List", "ToDo List\ToDo List.csproj", "{E2BF84B8-33D4-43F5-88AC-7ECE37676D8B}"
EndProject
Global
	GlobalSection(SolutionConfigurationPlatforms) = preSolution
		Debug|Any CPU = Debug|Any CPU
		Release|Any CPU = Release|Any CPU
	EndGlobalSection
	GlobalSection(ProjectConfigurationPlatforms) = postSolution
		{E2BF84B8-33D4-43F5-88AC-7ECE37676D8B}.Debug|Any CPU.ActiveCfg = Debug|Any CPU
		{E2BF84B8-33D4-43F5-88AC-7ECE37676D8B}.Debug|Any CPU.Build.0 = Debug|Any CPU
		{E2BF84B8-33D4-43F5-88AC-7ECE37676D8B}.Release|Any CPU.ActiveCfg = Release|Any CPU
		{E2BF84B8-33D4-43F5-88AC-7ECE37676D8B}.Release|Any CPU.Build.0 = Release|Any CPU
	EndGlobalSection
	GlobalSection(SolutionProperties) = preSolution
		HideSolutionNode = FALSE
	EndGlobalSection
	GlobalSection(ExtensibilityGlobals) = postSolution
		SolutionGuid = {DE5A2B85-30D5-451A-8E4C-9A3998A876A6}
	EndGlobalSection
EndGlobal
